
Microsoft Visual Studio Solution File, Format Version 12.00
# Visual Studio Version 17
VisualStudioVersion = 17.1.32421.90
MinimumVisualStudioVersion = 10.0.40219.1
Project("{FAE04EC0-301F-11D3-BF4B-00C04F79EFBC}") = "Games", "Games.csproj", "{48CC1692-B25B-4F5B-9323-045D308EEFDC}"
EndProject
Global
	GlobalSection(SolutionConfigurationPlatforms) = preSolution
		Debug|Any CPU = Debug|Any CPU
		Release|Any CPU = Release|Any CPU
	EndGlobalSection
	GlobalSection(ProjectConfigurationPlatforms) = postSolution
		{48CC1692-B25B-4F5B-9323-045D308EEFDC}.Debug|Any CPU.ActiveCfg = Debug|Any CPU
		{48CC1692-B25B-4F5B-9323-045D308EEFDC}.Debug|Any CPU.Build.0 = Debug|Any CPU
		{48CC1692-B25B-4F5B-9323-045D308EEFDC}.Release|Any CPU.ActiveCfg = Release|Any CPU
		{48CC1692-B25B-4F5B-9323-045D308EEFDC}.Release|Any CPU.Build.0 = Release|Any CPU
	EndGlobalSection
	GlobalSection(SolutionProperties) = preSolution
		HideSolutionNode = FALSE
	EndGlobalSection
	GlobalSection(ExtensibilityGlobals) = postSolution
		SolutionGuid = {FA1303C2-1FB2-4519-80C1-39E41F58F537}
	EndGlobalSection
EndGlobal
